
Microsoft Visual Studio Solution File, Format Version 12.00
# Visual Studio Version 17
VisualStudioVersion = 17.4.33122.133
MinimumVisualStudioVersion = 10.0.40219.1
Project("{888888A0-9F3D-457C-B088-3A5042F75D52}") = "Slot machine", "Slot machine\Slot machine.pyproj", "{664F51EE-792B-457C-A030-4478BC4D978B}"
EndProject
Global
	GlobalSection(SolutionConfigurationPlatforms) = preSolution
		Debug|Any CPU = Debug|Any CPU
		Release|Any CPU = Release|Any CPU
	EndGlobalSection
	GlobalSection(ProjectConfigurationPlatforms) = postSolution
		{664F51EE-792B-457C-A030-4478BC4D978B}.Debug|Any CPU.ActiveCfg = Debug|Any CPU
		{664F51EE-792B-457C-A030-4478BC4D978B}.Release|Any CPU.ActiveCfg = Release|Any CPU
	EndGlobalSection
	GlobalSection(SolutionProperties) = preSolution
		HideSolutionNode = FALSE
	EndGlobalSection
	GlobalSection(ExtensibilityGlobals) = postSolution
		SolutionGuid = {AA835015-1189-434A-9F96-B68FA40C2C77}
	EndGlobalSection
EndGlobal
